
Microsoft Visual Studio Solution File, Format Version 12.00
# Visual Studio Version 16
VisualStudioVersion = 16.0.31025.194
MinimumVisualStudioVersion = 10.0.40219.1
Project("{FAE04EC0-301F-11D3-BF4B-00C04F79EFBC}") = "matrix", "matrix\matrix.csproj", "{CD8E7077-8C0B-4274-8BB3-673643850E0B}"
EndProject
Global
	GlobalSection(SolutionConfigurationPlatforms) = preSolution
		Debug|Any CPU = Debug|Any CPU
		Release|Any CPU = Release|Any CPU
	EndGlobalSection
	GlobalSection(ProjectConfigurationPlatforms) = postSolution
		{CD8E7077-8C0B-4274-8BB3-673643850E0B}.Debug|Any CPU.ActiveCfg = Debug|Any CPU
		{CD8E7077-8C0B-4274-8BB3-673643850E0B}.Debug|Any CPU.Build.0 = Debug|Any CPU
		{CD8E7077-8C0B-4274-8BB3-673643850E0B}.Release|Any CPU.ActiveCfg = Release|Any CPU
		{CD8E7077-8C0B-4274-8BB3-673643850E0B}.Release|Any CPU.Build.0 = Release|Any CPU
	EndGlobalSection
	GlobalSection(SolutionProperties) = preSolution
		HideSolutionNode = FALSE
	EndGlobalSection
	GlobalSection(ExtensibilityGlobals) = postSolution
		SolutionGuid = {8B690C76-4AD8-4C7C-9BF4-02AAD067E8F0}
	EndGlobalSection
EndGlobal
